
Microsoft Visual Studio Solution File, Format Version 12.00
# Visual Studio Version 16
VisualStudioVersion = 16.0.31321.278
MinimumVisualStudioVersion = 10.0.40219.1
Project("{FAE04EC0-301F-11D3-BF4B-00C04F79EFBC}") = "Facebook", "Facebook\Facebook.csproj", "{08BE096C-3603-4E99-AC16-0D0D1412D900}"
EndProject
Global
	GlobalSection(SolutionConfigurationPlatforms) = preSolution
		Debug|Any CPU = Debug|Any CPU
		Release|Any CPU = Release|Any CPU
	EndGlobalSection
	GlobalSection(ProjectConfigurationPlatforms) = postSolution
		{08BE096C-3603-4E99-AC16-0D0D1412D900}.Debug|Any CPU.ActiveCfg = Debug|Any CPU
		{08BE096C-3603-4E99-AC16-0D0D1412D900}.Debug|Any CPU.Build.0 = Debug|Any CPU
		{08BE096C-3603-4E99-AC16-0D0D1412D900}.Release|Any CPU.ActiveCfg = Release|Any CPU
		{08BE096C-3603-4E99-AC16-0D0D1412D900}.Release|Any CPU.Build.0 = Release|Any CPU
	EndGlobalSection
	GlobalSection(SolutionProperties) = preSolution
		HideSolutionNode = FALSE
	EndGlobalSection
	GlobalSection(ExtensibilityGlobals) = postSolution
		SolutionGuid = {1CD28394-FFF2-4EE2-9CAD-D11FE29CC045}
	EndGlobalSection
EndGlobal
